
Microsoft Visual Studio Solution File, Format Version 12.00
# Visual Studio Version 17
VisualStudioVersion = 17.4.33403.182
MinimumVisualStudioVersion = 10.0.40219.1
Project("{9A19103F-16F7-4668-BE54-9A1E7A4F7556}") = "CourseProjectFEM", "CourseProjectFEM\CourseProjectFEM.csproj", "{59657871-B719-40F8-9A80-DEA89E798855}"
EndProject
Project("{8BC9CEB8-8B4A-11D0-8D11-00A0C91BC942}") = "BinaryConvert", "BinaryConvert\BinaryConvert.vcxproj", "{9A90B879-B011-4A94-BBE6-7591DF4FE74F}"
EndProject
Global
	GlobalSection(SolutionConfigurationPlatforms) = preSolution
		Debug|Any CPU = Debug|Any CPU
		Debug|x64 = Debug|x64
		Debug|x86 = Debug|x86
		Release|Any CPU = Release|Any CPU
		Release|x64 = Release|x64
		Release|x86 = Release|x86
	EndGlobalSection
	GlobalSection(ProjectConfigurationPlatforms) = postSolution
		{59657871-B719-40F8-9A80-DEA89E798855}.Debug|Any CPU.ActiveCfg = Debug|Any CPU
		{59657871-B719-40F8-9A80-DEA89E798855}.Debug|Any CPU.Build.0 = Debug|Any CPU
		{59657871-B719-40F8-9A80-DEA89E798855}.Debug|x64.ActiveCfg = Debug|Any CPU
		{59657871-B719-40F8-9A80-DEA89E798855}.Debug|x64.Build.0 = Debug|Any CPU
		{59657871-B719-40F8-9A80-DEA89E798855}.Debug|x86.ActiveCfg = Debug|Any CPU
		{59657871-B719-40F8-9A80-DEA89E798855}.Debug|x86.Build.0 = Debug|Any CPU
		{59657871-B719-40F8-9A80-DEA89E798855}.Release|Any CPU.ActiveCfg = Release|Any CPU
		{59657871-B719-40F8-9A80-DEA89E798855}.Release|Any CPU.Build.0 = Release|Any CPU
		{59657871-B719-40F8-9A80-DEA89E798855}.Release|x64.ActiveCfg = Release|Any CPU
		{59657871-B719-40F8-9A80-DEA89E798855}.Release|x64.Build.0 = Release|Any CPU
		{59657871-B719-40F8-9A80-DEA89E798855}.Release|x86.ActiveCfg = Release|Any CPU
		{59657871-B719-40F8-9A80-DEA89E798855}.Release|x86.Build.0 = Release|Any CPU
		{9A90B879-B011-4A94-BBE6-7591DF4FE74F}.Debug|Any CPU.ActiveCfg = Debug|x64
		{9A90B879-B011-4A94-BBE6-7591DF4FE74F}.Debug|Any CPU.Build.0 = Debug|x64
		{9A90B879-B011-4A94-BBE6-7591DF4FE74F}.Debug|x64.ActiveCfg = Debug|x64
		{9A90B879-B011-4A94-BBE6-7591DF4FE74F}.Debug|x64.Build.0 = Debug|x64
		{9A90B879-B011-4A94-BBE6-7591DF4FE74F}.Debug|x86.ActiveCfg = Debug|Win32
		{9A90B879-B011-4A94-BBE6-7591DF4FE74F}.Debug|x86.Build.0 = Debug|Win32
		{9A90B879-B011-4A94-BBE6-7591DF4FE74F}.Release|Any CPU.ActiveCfg = Release|x64
		{9A90B879-B011-4A94-BBE6-7591DF4FE74F}.Release|Any CPU.Build.0 = Release|x64
		{9A90B879-B011-4A94-BBE6-7591DF4FE74F}.Release|x64.ActiveCfg = Release|x64
		{9A90B879-B011-4A94-BBE6-7591DF4FE74F}.Release|x64.Build.0 = Release|x64
		{9A90B879-B011-4A94-BBE6-7591DF4FE74F}.Release|x86.ActiveCfg = Release|Win32
		{9A90B879-B011-4A94-BBE6-7591DF4FE74F}.Release|x86.Build.0 = Release|Win32
	EndGlobalSection
	GlobalSection(SolutionProperties) = preSolution
		HideSolutionNode = FALSE
	EndGlobalSection
	GlobalSection(ExtensibilityGlobals) = postSolution
		SolutionGuid = {4C70B8FA-2AAA-4ACA-81EA-2354089B5477}
	EndGlobalSection
EndGlobal
